{
  "requires": true,
  "lockfileVersion": 1,
  "dependencies": {
    "jsplumb": {
      "version": "2.15.0",
      "resolved": "https://registry.npmjs.org/jsplumb/-/jsplumb-2.15.0.tgz",
      "integrity": "sha512-SRQHpMazbKWOfdfvp/oICVbitOyjFV1HGZ0I0hjtccCUwcarn6zsQmuH7+gafGW9w08+BfDYqQojPE9n0g5q2g=="
    }
  }
}
